PODS:
  - AppAuth (1.7.6):
    - AppAuth/Core (= 1.7.6)
    - AppAuth/ExternalUserAgent (= 1.7.6)
  - AppAuth/Core (1.7.6)
  - AppAuth/ExternalUserAgent (1.7.6):
    - AppAuth/Core
  - SwiftLint (0.55.1)
  - VehicleConnectSDK (1.0.5):
    - AppAuth

DEPENDENCIES:
  - AppAuth (= 1.7.6)
  - SwiftLint
  - VehicleConnectSDK (= 1.0.5)

SPEC REPOS:
  trunk:
    - AppAuth
    - SwiftLint
    - VehicleConnectSDK

SPEC CHECKSUMS:
  AppAuth: d4f13a8fe0baf391b2108511793e4b479691fb73
  SwiftLint: 3fe909719babe5537c552ee8181c0031392be933
  VehicleConnectSDK: 7c7fc341bc8c00729f091e7a89ea1316ee604829

PODFILE CHECKSUM: 1f7540e1876da4aa4dd5d82e73eab054d643f8d5

COCOAPODS: 1.16.2
